// !$*UTF8*$!
{
	archiveVersion = 1;
	classes = {
	};
	objectVersion = 55;
	objects = {

/* Begin PBXBuildFile section */
		8DD65D0926A3788B008D2D7E /* VegetableDetailScreen.swift in Sources */ = {isa = PBXBuildFile; fileRef = 8DD65D0826A3788B008D2D7E /* VegetableDetailScreen.swift */; };
		8DD65D0C26A37B7F008D2D7E /* AboutUs.swift in Sources */ = {isa = PBXBuildFile; fileRef = 8DD65D0B26A37B7F008D2D7E /* AboutUs.swift */; };
		8DD65D0E26A37C7A008D2D7E /* TwoColumnView.swift in Sources */ = {isa = PBXBuildFile; fileRef = 8DD65D0D26A37C7A008D2D7E /* TwoColumnView.swift */; };
		8DD65D1026A37CE3008D2D7E /* DescriptionView.swift in Sources */ = {isa = PBXBuildFile; fileRef = 8DD65D0F26A37CE3008D2D7E /* DescriptionView.swift */; };
		8DE76DC626953F13003872B1 /* GreenGardenApp.swift in Sources */ = {isa = PBXBuildFile; fileRef = 8DE76DC526953F13003872B1 /* GreenGardenApp.swift */; };
		8DE76DCA26953F14003872B1 /* Assets.xcassets in Resources */ = {isa = PBXBuildFile; fileRef = 8DE76DC926953F14003872B1 /* Assets.xcassets */; };
		8DE76DCD26953F14003872B1 /* Preview Assets.xcassets in Resources */ = {isa = PBXBuildFile; fileRef = 8DE76DCC26953F14003872B1 /* Preview Assets.xcassets */; };
		8DE76DD926954113003872B1 /* Constants.swift in Sources */ = {isa = PBXBuildFile; fileRef = 8DE76DD826954113003872B1 /* Constants.swift */; };
		8DE76DDB2695415E003872B1 /* Webservice.swift in Sources */ = {isa = PBXBuildFile; fileRef = 8DE76DDA2695415E003872B1 /* Webservice.swift */; };
		8DE76DDD26954188003872B1 /* Vegetable.swift in Sources */ = {isa = PBXBuildFile; fileRef = 8DE76DDC26954188003872B1 /* Vegetable.swift */; };
		8DE76DE0269542B3003872B1 /* VegetableListViewModel.swift in Sources */ = {isa = PBXBuildFile; fileRef = 8DE76DDF269542B3003872B1 /* VegetableListViewModel.swift */; };
		8DE76DE2269543E0003872B1 /* VegetableListScreen.swift in Sources */ = {isa = PBXBuildFile; fileRef = 8DE76DE1269543E0003872B1 /* VegetableListScreen.swift */; };
		8DE76DE52695449C003872B1 /* View+Extensions.swift in Sources */ = {isa = PBXBuildFile; fileRef = 8DE76DE42695449C003872B1 /* View+Extensions.swift */; };
		8DE76DE72695463D003872B1 /* MainScreen.swift in Sources */ = {isa = PBXBuildFile; fileRef = 8DE76DE62695463D003872B1 /* MainScreen.swift */; };
/* End PBXBuildFile section */

/* Begin PBXFileReference section */
		8DD65D0826A3788B008D2D7E /* VegetableDetailScreen.swift */ = {isa = PBXFileReference; lastKnownFileType = sourcecode.swift; path = VegetableDetailScreen.swift; sourceTree = "<group>"; };
		8DD65D0B26A37B7F008D2D7E /* AboutUs.swift */ = {isa = PBXFileReference; lastKnownFileType = sourcecode.swift; path = AboutUs.swift; sourceTree = "<group>"; };
		8DD65D0D26A37C7A008D2D7E /* TwoColumnView.swift */ = {isa = PBXFileReference; lastKnownFileType = sourcecode.swift; path = TwoColumnView.swift; sourceTree = "<group>"; };
		8DD65D0F26A37CE3008D2D7E /* DescriptionView.swift */ = {isa = PBXFileReference; lastKnownFileType = sourcecode.swift; path = DescriptionView.swift; sourceTree = "<group>"; };
		8DE76DC226953F13003872B1 /* GreenGarden.app */ = {isa = PBXFileReference; explicitFileType = wrapper.application; includeInIndex = 0; path = GreenGarden.app; sourceTree = BUILT_PRODUCTS_DIR; };
		8DE76DC526953F13003872B1 /* GreenGardenApp.swift */ = {isa = PBXFileReference; lastKnownFileType = sourcecode.swift; path = GreenGardenApp.swift; sourceTree = "<group>"; };
		8DE76DC926953F14003872B1 /* Assets.xcassets */ = {isa = PBXFileReference; lastKnownFileType = folder.assetcatalog; path = Assets.xcassets; sourceTree = "<group>"; };
		8DE76DCC26953F14003872B1 /* Preview Assets.xcassets */ = {isa = PBXFileReference; lastKnownFileType = folder.assetcatalog; path = "Preview Assets.xcassets"; sourceTree = "<group>"; };
		8DE76DD826954113003872B1 /* Constants.swift */ = {isa = PBXFileReference; lastKnownFileType = sourcecode.swift; path = Constants.swift; sourceTree = "<group>"; };
		8DE76DDA2695415E003872B1 /* Webservice.swift */ = {isa = PBXFileReference; lastKnownFileType = sourcecode.swift; path = Webservice.swift; sourceTree = "<group>"; };
		8DE76DDC26954188003872B1 /* Vegetable.swift */ = {isa = PBXFileReference; lastKnownFileType = sourcecode.swift; path = Vegetable.swift; sourceTree = "<group>"; };
		8DE76DDE26954282003872B1 /* Info.plist */ = {isa = PBXFileReference; lastKnownFileType = text.plist; path = Info.plist; sourceTree = "<group>"; };
		8DE76DDF269542B3003872B1 /* VegetableListViewModel.swift */ = {isa = PBXFileReference; lastKnownFileType = sourcecode.swift; path = VegetableListViewModel.swift; sourceTree = "<group>"; };
		8DE76DE1269543E0003872B1 /* VegetableListScreen.swift */ = {isa = PBXFileReference; lastKnownFileType = sourcecode.swift; path = VegetableListScreen.swift; sourceTree = "<group>"; };
		8DE76DE42695449C003872B1 /* View+Extensions.swift */ = {isa = PBXFileReference; lastKnownFileType = sourcecode.swift; path = "View+Extensions.swift"; sourceTree = "<group>"; };
		8DE76DE62695463D003872B1 /* MainScreen.swift */ = {isa = PBXFileReference; lastKnownFileType = sourcecode.swift; path = MainScreen.swift; sourceTree = "<group>"; };
/* End PBXFileReference section */

/* Begin PBXFrameworksBuildPhase section */
		8DE76DBF26953F13003872B1 /* Frameworks */ = {
			isa = PBXFrameworksBuildPhase;
			buildActionMask = 2147483647;
			files = (
			);
			runOnlyForDeploymentPostprocessing = 0;
		};
/* End PBXFrameworksBuildPhase section */

/* Begin PBXGroup section */
		8DD65D0A26A37B6F008D2D7E /* Views */ = {
			isa = PBXGroup;
			children = (
				8DD65D0B26A37B7F008D2D7E /* AboutUs.swift */,
				8DD65D0D26A37C7A008D2D7E /* TwoColumnView.swift */,
				8DD65D0F26A37CE3008D2D7E /* DescriptionView.swift */,
			);
			path = Views;
			sourceTree = "<group>";
		};
		8DE76DB926953F13003872B1 = {
			isa = PBXGroup;
			children = (
				8DE76DC426953F13003872B1 /* GreenGarden */,
				8DE76DC326953F13003872B1 /* Products */,
			);
			sourceTree = "<group>";
		};
		8DE76DC326953F13003872B1 /* Products */ = {
			isa = PBXGroup;
			children = (
				8DE76DC226953F13003872B1 /* GreenGarden.app */,
			);
			name = Products;
			sourceTree = "<group>";
		};
		8DE76DC426953F13003872B1 /* GreenGarden */ = {
			isa = PBXGroup;
			children = (
				8DD65D0A26A37B6F008D2D7E /* Views */,
				8DE76DE32695448A003872B1 /* Extensions */,
				8DE76DDE26954282003872B1 /* Info.plist */,
				8DE76DD726954105003872B1 /* Utils */,
				8DE76DD6269540EE003872B1 /* View Models */,
				8DE76DD5269540E9003872B1 /* Models */,
				8DE76DD4269540E1003872B1 /* Services */,
				8DE76DD3269540DB003872B1 /* Screens */,
				8DE76DC526953F13003872B1 /* GreenGardenApp.swift */,
				8DE76DC926953F14003872B1 /* Assets.xcassets */,
				8DE76DCB26953F14003872B1 /* Preview Content */,
			);
			path = GreenGarden;
			sourceTree = "<group>";
		};
		8DE76DCB26953F14003872B1 /* Preview Content */ = {
			isa = PBXGroup;
			children = (
				8DE76DCC26953F14003872B1 /* Preview Assets.xcassets */,
			);
			path = "Preview Content";
			sourceTree = "<group>";
		};
		8DE76DD3269540DB003872B1 /* Screens */ = {
			isa = PBXGroup;
			children = (
				8DE76DE1269543E0003872B1 /* VegetableListScreen.swift */,
				8DE76DE62695463D003872B1 /* MainScreen.swift */,
				8DD65D0826A3788B008D2D7E /* VegetableDetailScreen.swift */,
			);
			path = Screens;
			sourceTree = "<group>";
		};
		8DE76DD4269540E1003872B1 /* Services */ = {
			isa = PBXGroup;
			children = (
				8DE76DDA2695415E003872B1 /* Webservice.swift */,
			);
			path = Services;
			sourceTree = "<group>";
		};
		8DE76DD5269540E9003872B1 /* Models */ = {
			isa = PBXGroup;
			children = (
				8DE76DDC26954188003872B1 /* Vegetable.swift */,
			);
			path = Models;
			sourceTree = "<group>";
		};
		8DE76DD6269540EE003872B1 /* View Models */ = {
			isa = PBXGroup;
			children = (
				8DE76DDF269542B3003872B1 /* VegetableListViewModel.swift */,
			);
			path = "View Models";
			sourceTree = "<group>";
		};
		8DE76DD726954105003872B1 /* Utils */ = {
			isa = PBXGroup;
			children = (
				8DE76DD826954113003872B1 /* Constants.swift */,
			);
			path = Utils;
			sourceTree = "<group>";
		};
		8DE76DE32695448A003872B1 /* Extensions */ = {
			isa = PBXGroup;
			children = (
				8DE76DE42695449C003872B1 /* View+Extensions.swift */,
			);
			path = Extensions;
			sourceTree = "<group>";
		};
/* End PBXGroup section */

/* Begin PBXNativeTarget section */
		8DE76DC126953F13003872B1 /* GreenGarden */ = {
			isa = PBXNativeTarget;
			buildConfigurationList = 8DE76DD026953F14003872B1 /* Build configuration list for PBXNativeTarget "GreenGarden" */;
			buildPhases = (
				8DE76DBE26953F13003872B1 /* Sources */,
				8DE76DBF26953F13003872B1 /* Frameworks */,
				8DE76DC026953F13003872B1 /* Resources */,
			);
			buildRules = (
			);
			dependencies = (
			);
			name = GreenGarden;
			productName = GreenGarden;
			productReference = 8DE76DC226953F13003872B1 /* GreenGarden.app */;
			productType = "com.apple.product-type.application";
		};
/* End PBXNativeTarget section */

/* Begin PBXProject section */
		8DE76DBA26953F13003872B1 /* Project object */ = {
			isa = PBXProject;
			attributes = {
				BuildIndependentTargetsInParallel = 1;
				LastSwiftUpdateCheck = 1300;
				LastUpgradeCheck = 1300;
				TargetAttributes = {
					8DE76DC126953F13003872B1 = {
						CreatedOnToolsVersion = 13.0;
					};
				};
			};
			buildConfigurationList = 8DE76DBD26953F13003872B1 /* Build configuration list for PBXProject "GreenGarden" */;
			compatibilityVersion = "Xcode 13.0";
			developmentRegion = en;
			hasScannedForEncodings = 0;
			knownRegions = (
				en,
				Base,
			);
			mainGroup = 8DE76DB926953F13003872B1;
			productRefGroup = 8DE76DC326953F13003872B1 /* Products */;
			projectDirPath = "";
			projectRoot = "";
			targets = (
				8DE76DC126953F13003872B1 /* GreenGarden */,
			);
		};
/* End PBXProject section */

/* Begin PBXResourcesBuildPhase section */
		8DE76DC026953F13003872B1 /* Resources */ = {
			isa = PBXResourcesBuildPhase;
			buildActionMask = 2147483647;
			files = (
				8DE76DCD26953F14003872B1 /* Preview Assets.xcassets in Resources */,
				8DE76DCA26953F14003872B1 /* Assets.xcassets in Resources */,
			);
			runOnlyForDeploymentPostprocessing = 0;
		};
/* End PBXResourcesBuildPhase section */

/* Begin PBXSourcesBuildPhase section */
		8DE76DBE26953F13003872B1 /* Sources */ = {
			isa = PBXSourcesBuildPhase;
			buildActionMask = 2147483647;
			files = (
				8DE76DE72695463D003872B1 /* MainScreen.swift in Sources */,
				8DE76DC626953F13003872B1 /* GreenGardenApp.swift in Sources */,
				8DE76DE2269543E0003872B1 /* VegetableListScreen.swift in Sources */,
				8DD65D1026A37CE3008D2D7E /* DescriptionView.swift in Sources */,
				8DE76DE0269542B3003872B1 /* VegetableListViewModel.swift in Sources */,
				8DE76DE52695449C003872B1 /* View+Extensions.swift in Sources */,
				8DE76DDD26954188003872B1 /* Vegetable.swift in Sources */,
				8DE76DDB2695415E003872B1 /* Webservice.swift in Sources */,
				8DD65D0E26A37C7A008D2D7E /* TwoColumnView.swift in Sources */,
				8DD65D0C26A37B7F008D2D7E /* AboutUs.swift in Sources */,
				8DE76DD926954113003872B1 /* Constants.swift in Sources */,
				8DD65D0926A3788B008D2D7E /* VegetableDetailScreen.swift in Sources */,
			);
			runOnlyForDeploymentPostprocessing = 0;
		};
/* End PBXSourcesBuildPhase section */

/* Begin XCBuildConfiguration section */
		8DE76DCE26953F14003872B1 /* Debug */ = {
			isa = XCBuildConfiguration;
			buildSettings = {
				ALWAYS_SEARCH_USER_PATHS = NO;
				CLANG_ANALYZER_NONNULL = YES;
				CLANG_ANALYZER_NUMBER_OBJECT_CONVERSION = YES_AGGRESSIVE;
				CLANG_CXX_LANGUAGE_STANDARD = "gnu++14";
				CLANG_CXX_LIBRARY = "libc++";
				CLANG_ENABLE_MODULES = YES;
				CLANG_ENABLE_OBJC_ARC = YES;
				CLANG_ENABLE_OBJC_WEAK = YES;
				CLANG_WARN_BLOCK_CAPTURE_AUTORELEASING = YES;
				CLANG_WARN_BOOL_CONVERSION = YES;
				CLANG_WARN_COMMA = YES;
				CLANG_WARN_CONSTANT_CONVERSION = YES;
				CLANG_WARN_DEPRECATED_OBJC_IMPLEMENTATIONS = YES;
				CLANG_WARN_DIRECT_OBJC_ISA_USAGE = YES_ERROR;
				CLANG_WARN_DOCUMENTATION_COMMENTS = YES;
				CLANG_WARN_EMPTY_BODY = YES;
				CLANG_WARN_ENUM_CONVERSION = YES;
				CLANG_WARN_INFINITE_RECURSION = YES;
				CLANG_WARN_INT_CONVERSION = YES;
				CLANG_WARN_NON_LITERAL_NULL_CONVERSION = YES;
				CLANG_WARN_OBJC_IMPLICIT_RETAIN_SELF = YES;
				CLANG_WARN_OBJC_LITERAL_CONVERSION = YES;
				CLANG_WARN_OBJC_ROOT_CLASS = YES_ERROR;
				CLANG_WARN_QUOTED_INCLUDE_IN_FRAMEWORK_HEADER = YES;
				CLANG_WARN_RANGE_LOOP_ANALYSIS = YES;
				CLANG_WARN_STRICT_PROTOTYPES = YES;
				CLANG_WARN_SUSPICIOUS_MOVE = YES;
				CLANG_WARN_UNGUARDED_AVAILABILITY = YES_AGGRESSIVE;
				CLANG_WARN_UNREACHABLE_CODE = YES;
				CLANG_WARN__DUPLICATE_METHOD_MATCH = YES;
				COPY_PHASE_STRIP = NO;
				DEBUG_INFORMATION_FORMAT = dwarf;
				ENABLE_STRICT_OBJC_MSGSEND = YES;
				ENABLE_TESTABILITY = YES;
				GCC_C_LANGUAGE_STANDARD = gnu11;
				GCC_DYNAMIC_NO_PIC = NO;
				GCC_NO_COMMON_BLOCKS = YES;
				GCC_OPTIMIZATION_LEVEL = 0;
				GCC_PREPROCESSOR_DEFINITIONS = (
					"DEBUG=1",
					"$(inherited)",
				);
				GCC_WARN_64_TO_32_BIT_CONVERSION = YES;
				GCC_WARN_ABOUT_RETURN_TYPE = YES_ERROR;
				GCC_WARN_UNDECLARED_SELECTOR = YES;
				GCC_WARN_UNINITIALIZED_AUTOS = YES_AGGRESSIVE;
				GCC_WARN_UNUSED_FUNCTION = YES;
				GCC_WARN_UNUSED_VARIABLE = YES;
				IPHONEOS_DEPLOYMENT_TARGET = 15.0;
				MTL_ENABLE_DEBUG_INFO = INCLUDE_SOURCE;
				MTL_FAST_MATH = YES;
				ONLY_ACTIVE_ARCH = YES;
				SDKROOT = iphoneos;
				SWIFT_ACTIVE_COMPILATION_CONDITIONS = DEBUG;
				SWIFT_OPTIMIZATION_LEVEL = "-Onone";
			};
			name = Debug;
		};
		8DE76DCF26953F14003872B1 /* Release */ = {
			isa = XCBuildConfiguration;
			buildSettings = {
				ALWAYS_SEARCH_USER_PATHS = NO;
				CLANG_ANALYZER_NONNULL = YES;
				CLANG_ANALYZER_NUMBER_OBJECT_CONVERSION = YES_AGGRESSIVE;
				CLANG_CXX_LANGUAGE_STANDARD = "gnu++14";
				CLANG_CXX_LIBRARY = "libc++";
				CLANG_ENABLE_MODULES = YES;
				CLANG_ENABLE_OBJC_ARC = YES;
				CLANG_ENABLE_OBJC_WEAK = YES;
				CLANG_WARN_BLOCK_CAPTURE_AUTORELEASING = YES;
				CLANG_WARN_BOOL_CONVERSION = YES;
				CLANG_WARN_COMMA = YES;
				CLANG_WARN_CONSTANT_CONVERSION = YES;
				CLANG_WARN_DEPRECATED_OBJC_IMPLEMENTATIONS = YES;
				CLANG_WARN_DIRECT_OBJC_ISA_USAGE = YES_ERROR;
				CLANG_WARN_DOCUMENTATION_COMMENTS = YES;
				CLANG_WARN_EMPTY_BODY = YES;
				CLANG_WARN_ENUM_CONVERSION = YES;
				CLANG_WARN_INFINITE_RECURSION = YES;
				CLANG_WARN_INT_CONVERSION = YES;
				CLANG_WARN_NON_LITERAL_NULL_CONVERSION = YES;
				CLANG_WARN_OBJC_IMPLICIT_RETAIN_SELF = YES;
				CLANG_WARN_OBJC_LITERAL_CONVERSION = YES;
				CLANG_WARN_OBJC_ROOT_CLASS = YES_ERROR;
				CLANG_WARN_QUOTED_INCLUDE_IN_FRAMEWORK_HEADER = YES;
				CLANG_WARN_RANGE_LOOP_ANALYSIS = YES;
				CLANG_WARN_STRICT_PROTOTYPES = YES;
				CLANG_WARN_SUSPICIOUS_MOVE = YES;
				CLANG_WARN_UNGUARDED_AVAILABILITY = YES_AGGRESSIVE;
				CLANG_WARN_UNREACHABLE_CODE = YES;
				CLANG_WARN__DUPLICATE_METHOD_MATCH = YES;
				COPY_PHASE_STRIP = NO;
				DEBUG_INFORMATION_FORMAT = "dwarf-with-dsym";
				ENABLE_NS_ASSERTIONS = NO;
				ENABLE_STRICT_OBJC_MSGSEND = YES;
				GCC_C_LANGUAGE_STANDARD = gnu11;
				GCC_NO_COMMON_BLOCKS = YES;
				GCC_WARN_64_TO_32_BIT_CONVERSION = YES;
				GCC_WARN_ABOUT_RETURN_TYPE = YES_ERROR;
				GCC_WARN_UNDECLARED_SELECTOR = YES;
				GCC_WARN_UNINITIALIZED_AUTOS = YES_AGGRESSIVE;
				GCC_WARN_UNUSED_FUNCTION = YES;
				GCC_WARN_UNUSED_VARIABLE = YES;
				IPHONEOS_DEPLOYMENT_TARGET = 15.0;
				MTL_ENABLE_DEBUG_INFO = NO;
				MTL_FAST_MATH = YES;
				SDKROOT = iphoneos;
				SWIFT_COMPILATION_MODE = wholemodule;
				SWIFT_OPTIMIZATION_LEVEL = "-O";
				VALIDATE_PRODUCT = YES;
			};
			name = Release;
		};
		8DE76DD126953F14003872B1 /* Debug */ = {
			isa = XCBuildConfiguration;
			buildSettings = {
				ASSETCATALOG_COMPILER_APPICON_NAME = AppIcon;
				ASSETCATALOG_COMPILER_GLOBAL_ACCENT_COLOR_NAME = AccentColor;
				CODE_SIGN_STYLE = Automatic;
				CURRENT_PROJECT_VERSION = 1;
				DEVELOPMENT_ASSET_PATHS = "\"GreenGarden/Preview Content\"";
				DEVELOPMENT_TEAM = B2Q8EGNCQA;
				ENABLE_PREVIEWS = YES;
				GENERATE_INFOPLIST_FILE = YES;
				INFOPLIST_FILE = GreenGarden/Info.plist;
				INFOPLIST_KEY_CFBundleExecutable = GreenGarden;
				INFOPLIST_KEY_CFBundleName = GreenGarden;
				INFOPLIST_KEY_CFBundleVersion = 1;
				INFOPLIST_KEY_UIApplicationSceneManifest_Generation = YES;
				INFOPLIST_KEY_UIApplicationSupportsIndirectInputEvents = YES;
				INFOPLIST_KEY_UILaunchScreen_Generation = YES;
				INFOPLIST_KEY_UISupportedInterfaceOrientations_iPad = "UIInterfaceOrientationPortrait UIInterfaceOrientationPortraitUpsideDown UIInterfaceOrientationLandscapeLeft UIInterfaceOrientationLandscapeRight";
				INFOPLIST_KEY_UISupportedInterfaceOrientations_iPhone = "UIInterfaceOrientationPortrait UIInterfaceOrientationLandscapeLeft UIInterfaceOrientationLandscapeRight";
				IPHONEOS_DEPLOYMENT_TARGET = 15.0;
				LD_RUNPATH_SEARCH_PATHS = (
					"$(inherited)",
					"@executable_path/Frameworks",
				);
				MARKETING_VERSION = 1.0;
				PRODUCT_BUNDLE_IDENTIFIER = com.azamsharp.GreenGarden;
				PRODUCT_NAME = "$(TARGET_NAME)";
				SWIFT_EMIT_LOC_STRINGS = YES;
				SWIFT_VERSION = 5.0;
				TARGETED_DEVICE_FAMILY = "1,2";
			};
			name = Debug;
		};
		8DE76DD226953F14003872B1 /* Release */ = {
			isa = XCBuildConfiguration;
			buildSettings = {
				ASSETCATALOG_COMPILER_APPICON_NAME = AppIcon;
				ASSETCATALOG_COMPILER_GLOBAL_ACCENT_COLOR_NAME = AccentColor;
				CODE_SIGN_STYLE = Automatic;
				CURRENT_PROJECT_VERSION = 1;
				DEVELOPMENT_ASSET_PATHS = "\"GreenGarden/Preview Content\"";
				DEVELOPMENT_TEAM = B2Q8EGNCQA;
				ENABLE_PREVIEWS = YES;
				GENERATE_INFOPLIST_FILE = YES;
				INFOPLIST_FILE = GreenGarden/Info.plist;
				INFOPLIST_KEY_CFBundleExecutable = GreenGarden;
				INFOPLIST_KEY_CFBundleName = GreenGarden;
				INFOPLIST_KEY_CFBundleVersion = 1;
				INFOPLIST_KEY_UIApplicationSceneManifest_Generation = YES;
				INFOPLIST_KEY_UIApplicationSupportsIndirectInputEvents = YES;
				INFOPLIST_KEY_UILaunchScreen_Generation = YES;
				INFOPLIST_KEY_UISupportedInterfaceOrientations_iPad = "UIInterfaceOrientationPortrait UIInterfaceOrientationPortraitUpsideDown UIInterfaceOrientationLandscapeLeft UIInterfaceOrientationLandscapeRight";
				INFOPLIST_KEY_UISupportedInterfaceOrientations_iPhone = "UIInterfaceOrientationPortrait UIInterfaceOrientationLandscapeLeft UIInterfaceOrientationLandscapeRight";
				IPHONEOS_DEPLOYMENT_TARGET = 15.0;
				LD_RUNPATH_SEARCH_PATHS = (
					"$(inherited)",
					"@executable_path/Frameworks",
				);
				MARKETING_VERSION = 1.0;
				PRODUCT_BUNDLE_IDENTIFIER = com.azamsharp.GreenGarden;
				PRODUCT_NAME = "$(TARGET_NAME)";
				SWIFT_EMIT_LOC_STRINGS = YES;
				SWIFT_VERSION = 5.0;
				TARGETED_DEVICE_FAMILY = "1,2";
			};
			name = Release;
		};
/* End XCBuildConfiguration section */

/* Begin XCConfigurationList section */
		8DE76DBD26953F13003872B1 /* Build configuration list for PBXProject "GreenGarden" */ = {
			isa = XCConfigurationList;
			buildConfigurations = (
				8DE76DCE26953F14003872B1 /* Debug */,
				8DE76DCF26953F14003872B1 /* Release */,
			);
			defaultConfigurationIsVisible = 0;
			defaultConfigurationName = Release;
		};
		8DE76DD026953F14003872B1 /* Build configuration list for PBXNativeTarget "GreenGarden" */ = {
			isa = XCConfigurationList;
			buildConfigurations = (
				8DE76DD126953F14003872B1 /* Debug */,
				8DE76DD226953F14003872B1 /* Release */,
			);
			defaultConfigurationIsVisible = 0;
			defaultConfigurationName = Release;
		};
/* End XCConfigurationList section */
	};
	rootObject = 8DE76DBA26953F13003872B1 /* Project object */;
}
